
Microsoft Visual Studio Solution File, Format Version 12.00
# Visual Studio Version 17
VisualStudioVersion = 17.12.35514.174
MinimumVisualStudioVersion = 10.0.40219.1
Project("{2150E333-8FDC-42A3-9474-1A3956D46DE8}") = "DotNet9", "DotNet9", "{B1DE9A45-8BD7-4EAD-ADB1-A218DF988C5F}"
EndProject
Project("{FAE04EC0-301F-11D3-BF4B-00C04F79EFBC}") = "ExampleApi", "DotNet9\ExampleApi\ExampleApi.csproj", "{1BBC5DCF-492D-4CB6-AFC8-01FB7A50C394}"
EndProject
Project("{FAE04EC0-301F-11D3-BF4B-00C04F79EFBC}") = "Models", "Models\Models.csproj", "{ED353FF3-E11E-4665-B5D4-F61053ABEA06}"
EndProject
Project("{FAE04EC0-301F-11D3-BF4B-00C04F79EFBC}") = "LocalVariable", "DotNet9\LocalVariable\LocalVariable.csproj", "{7316C828-37D3-4017-868C-E7FB809B6BAF}"
EndProject
Project("{FAE04EC0-301F-11D3-BF4B-00C04F79EFBC}") = "InMemoryExample", "DotNet9\InMemoryExample\InMemoryExample.csproj", "{A6281207-5EA6-458A-A0F0-F8DE9A512FD0}"
EndProject
Project("{FAE04EC0-301F-11D3-BF4B-00C04F79EFBC}") = "SQLServerDatabaseExample", "DotNet9\SQLServerDatabaseExample\SQLServerDatabaseExample.csproj", "{4FB4136F-E30D-404A-A320-3CF65FE3E600}"
EndProject
Project("{2150E333-8FDC-42A3-9474-1A3956D46DE8}") = "Auth", "Auth", "{DA25C8E5-309B-4E28-A0DB-216EAAA5CA8C}"
EndProject
Project("{FAE04EC0-301F-11D3-BF4B-00C04F79EFBC}") = "JwtAuth", "DotNet9\Auth\JwtAuth\JwtAuth.csproj", "{7B50506E-6859-459F-B393-AB9290D6ED20}"
EndProject
Project("{FAE04EC0-301F-11D3-BF4B-00C04F79EFBC}") = "Auth2", "DotNet9\Auth\Auth2\Auth2.csproj", "{0349C8B1-F471-4D3D-8498-AB3B9C492ED7}"
EndProject
Global
	GlobalSection(SolutionConfigurationPlatforms) = preSolution
		Debug|Any CPU = Debug|Any CPU
		Release|Any CPU = Release|Any CPU
	EndGlobalSection
	GlobalSection(ProjectConfigurationPlatforms) = postSolution
		{1BBC5DCF-492D-4CB6-AFC8-01FB7A50C394}.Debug|Any CPU.ActiveCfg = Debug|Any CPU
		{1BBC5DCF-492D-4CB6-AFC8-01FB7A50C394}.Debug|Any CPU.Build.0 = Debug|Any CPU
		{1BBC5DCF-492D-4CB6-AFC8-01FB7A50C394}.Release|Any CPU.ActiveCfg = Release|Any CPU
		{1BBC5DCF-492D-4CB6-AFC8-01FB7A50C394}.Release|Any CPU.Build.0 = Release|Any CPU
		{ED353FF3-E11E-4665-B5D4-F61053ABEA06}.Debug|Any CPU.ActiveCfg = Debug|Any CPU
		{ED353FF3-E11E-4665-B5D4-F61053ABEA06}.Debug|Any CPU.Build.0 = Debug|Any CPU
		{ED353FF3-E11E-4665-B5D4-F61053ABEA06}.Release|Any CPU.ActiveCfg = Release|Any CPU
		{ED353FF3-E11E-4665-B5D4-F61053ABEA06}.Release|Any CPU.Build.0 = Release|Any CPU
		{7316C828-37D3-4017-868C-E7FB809B6BAF}.Debug|Any CPU.ActiveCfg = Debug|Any CPU
		{7316C828-37D3-4017-868C-E7FB809B6BAF}.Debug|Any CPU.Build.0 = Debug|Any CPU
		{7316C828-37D3-4017-868C-E7FB809B6BAF}.Release|Any CPU.ActiveCfg = Release|Any CPU
		{7316C828-37D3-4017-868C-E7FB809B6BAF}.Release|Any CPU.Build.0 = Release|Any CPU
		{A6281207-5EA6-458A-A0F0-F8DE9A512FD0}.Debug|Any CPU.ActiveCfg = Debug|Any CPU
		{A6281207-5EA6-458A-A0F0-F8DE9A512FD0}.Debug|Any CPU.Build.0 = Debug|Any CPU
		{A6281207-5EA6-458A-A0F0-F8DE9A512FD0}.Release|Any CPU.ActiveCfg = Release|Any CPU
		{A6281207-5EA6-458A-A0F0-F8DE9A512FD0}.Release|Any CPU.Build.0 = Release|Any CPU
		{4FB4136F-E30D-404A-A320-3CF65FE3E600}.Debug|Any CPU.ActiveCfg = Debug|Any CPU
		{4FB4136F-E30D-404A-A320-3CF65FE3E600}.Debug|Any CPU.Build.0 = Debug|Any CPU
		{4FB4136F-E30D-404A-A320-3CF65FE3E600}.Release|Any CPU.ActiveCfg = Release|Any CPU
		{4FB4136F-E30D-404A-A320-3CF65FE3E600}.Release|Any CPU.Build.0 = Release|Any CPU
		{7B50506E-6859-459F-B393-AB9290D6ED20}.Debug|Any CPU.ActiveCfg = Debug|Any CPU
		{7B50506E-6859-459F-B393-AB9290D6ED20}.Debug|Any CPU.Build.0 = Debug|Any CPU
		{7B50506E-6859-459F-B393-AB9290D6ED20}.Release|Any CPU.ActiveCfg = Release|Any CPU
		{7B50506E-6859-459F-B393-AB9290D6ED20}.Release|Any CPU.Build.0 = Release|Any CPU
		{0349C8B1-F471-4D3D-8498-AB3B9C492ED7}.Debug|Any CPU.ActiveCfg = Debug|Any CPU
		{0349C8B1-F471-4D3D-8498-AB3B9C492ED7}.Debug|Any CPU.Build.0 = Debug|Any CPU
		{0349C8B1-F471-4D3D-8498-AB3B9C492ED7}.Release|Any CPU.ActiveCfg = Release|Any CPU
		{0349C8B1-F471-4D3D-8498-AB3B9C492ED7}.Release|Any CPU.Build.0 = Release|Any CPU
	EndGlobalSection
	GlobalSection(SolutionProperties) = preSolution
		HideSolutionNode = FALSE
	EndGlobalSection
	GlobalSection(NestedProjects) = preSolution
		{1BBC5DCF-492D-4CB6-AFC8-01FB7A50C394} = {B1DE9A45-8BD7-4EAD-ADB1-A218DF988C5F}
		{ED353FF3-E11E-4665-B5D4-F61053ABEA06} = {B1DE9A45-8BD7-4EAD-ADB1-A218DF988C5F}
		{7316C828-37D3-4017-868C-E7FB809B6BAF} = {B1DE9A45-8BD7-4EAD-ADB1-A218DF988C5F}
		{A6281207-5EA6-458A-A0F0-F8DE9A512FD0} = {B1DE9A45-8BD7-4EAD-ADB1-A218DF988C5F}
		{4FB4136F-E30D-404A-A320-3CF65FE3E600} = {B1DE9A45-8BD7-4EAD-ADB1-A218DF988C5F}
		{DA25C8E5-309B-4E28-A0DB-216EAAA5CA8C} = {B1DE9A45-8BD7-4EAD-ADB1-A218DF988C5F}
		{7B50506E-6859-459F-B393-AB9290D6ED20} = {DA25C8E5-309B-4E28-A0DB-216EAAA5CA8C}
		{0349C8B1-F471-4D3D-8498-AB3B9C492ED7} = {DA25C8E5-309B-4E28-A0DB-216EAAA5CA8C}
	EndGlobalSection
EndGlobal
